
Microsoft Visual Studio Solution File, Format Version 12.00
# Visual Studio Version 17
VisualStudioVersion = 17.2.32630.192
MinimumVisualStudioVersion = 10.0.40219.1
Project("{9A19103F-16F7-4668-BE54-9A1E7A4F7556}") = "R5T.T0158.Construction", "R5T.T0158.Construction\R5T.T0158.Construction.csproj", "{7B509998-DEFE-4315-92D5-A2992717832F}"
EndProject
Project("{9A19103F-16F7-4668-BE54-9A1E7A4F7556}") = "R5T.T0158", "R5T.T0158\R5T.T0158.csproj", "{D8843094-0A07-4077-8EDD-1BFA0D9B8492}"
EndProject
Global
	GlobalSection(SolutionConfigurationPlatforms) = preSolution
		Debug|Any CPU = Debug|Any CPU
		Release|Any CPU = Release|Any CPU
	EndGlobalSection
	GlobalSection(ProjectConfigurationPlatforms) = postSolution
		{7B509998-DEFE-4315-92D5-A2992717832F}.Debug|Any CPU.ActiveCfg = Debug|Any CPU
		{7B509998-DEFE-4315-92D5-A2992717832F}.Debug|Any CPU.Build.0 = Debug|Any CPU
		{7B509998-DEFE-4315-92D5-A2992717832F}.Release|Any CPU.ActiveCfg = Release|Any CPU
		{7B509998-DEFE-4315-92D5-A2992717832F}.Release|Any CPU.Build.0 = Release|Any CPU
		{D8843094-0A07-4077-8EDD-1BFA0D9B8492}.Debug|Any CPU.ActiveCfg = Debug|Any CPU
		{D8843094-0A07-4077-8EDD-1BFA0D9B8492}.Debug|Any CPU.Build.0 = Debug|Any CPU
		{D8843094-0A07-4077-8EDD-1BFA0D9B8492}.Release|Any CPU.ActiveCfg = Release|Any CPU
		{D8843094-0A07-4077-8EDD-1BFA0D9B8492}.Release|Any CPU.Build.0 = Release|Any CPU
	EndGlobalSection
	GlobalSection(SolutionProperties) = preSolution
		HideSolutionNode = FALSE
	EndGlobalSection
	GlobalSection(ExtensibilityGlobals) = postSolution
		SolutionGuid = {434A0099-31D0-4557-8891-E0FC3157BF4C}
	EndGlobalSection
EndGlobal
